<?xml version="1.0" encoding="utf-8"?>
<Project ToolsVersion="4.0" xmlns="http://schemas.microsoft.com/developer/msbuild/2003">
  <ItemGroup>
    <ClCompile Include="src\main.cpp" />
    <ClCompile Include="src\backend\HistoryEventManager.cpp" />
    <ClCompile Include="include\backend\SaveManager.h" />
  </ItemGroup>
  <ItemGroup>
    <ClInclude Include="include\backend\Node.h" />
    <ClInclude Include="include\backend\LinkedList.h" />
    <ClInclude Include="include\backend\HistoryEventManager.h" />
    <ClInclude Include="lib\csv.hpp" />
  </ItemGroup>
  <ItemGroup>
    <None Include="src\backend\LinkedList.tpp" />
    <None Include="src\backend\Node.tpp" />
  </ItemGroup>
</Project>